// !$*UTF8*$!
{
	archiveVersion = 1;
	classes = {
	};
	objectVersion = 46;
	objects = {

/* Begin PBXBuildFile section */
		4AEAF01C1D0EA79500F82ED2 /* AppDelegate.swift in Sources */ = {isa = PBXBuildFile; fileRef = 4AEAF01B1D0EA79500F82ED2 /* AppDelegate.swift */; };
		4AEAF01E1D0EA79500F82ED2 /* ViewController.swift in Sources */ = {isa = PBXBuildFile; fileRef = 4AEAF01D1D0EA79500F82ED2 /* ViewController.swift */; };
		4AEAF0211D0EA79500F82ED2 /* Main.storyboard in Resources */ = {isa = PBXBuildFile; fileRef = 4AEAF01F1D0EA79500F82ED2 /* Main.storyboard */; };
		4AEAF0231D0EA79500F82ED2 /* Assets.xcassets in Resources */ = {isa = PBXBuildFile; fileRef = 4AEAF0221D0EA79500F82ED2 /* Assets.xcassets */; };
		4AEAF0261D0EA79500F82ED2 /* LaunchScreen.storyboard in Resources */ = {isa = PBXBuildFile; fileRef = 4AEAF0241D0EA79500F82ED2 /* LaunchScreen.storyboard */; };
		4AEAF0321D0EA82C00F82ED2 /* ExpandTableViewController.swift in Sources */ = {isa = PBXBuildFile; fileRef = 4AEAF0301D0EA82C00F82ED2 /* ExpandTableViewController.swift */; };
		4AEAF0341D0EAE0300F82ED2 /* ExpandTableHeaderView.xib in Resources */ = {isa = PBXBuildFile; fileRef = 4AEAF0331D0EAE0300F82ED2 /* ExpandTableHeaderView.xib */; };
/* End PBXBuildFile section */

/* Begin PBXFileReference section */
		4AEAF0181D0EA79500F82ED2 /* ExpandTableViewSample.app */ = {isa = PBXFileReference; explicitFileType = wrapper.application; includeInIndex = 0; path = ExpandTableViewSample.app; sourceTree = BUILT_PRODUCTS_DIR; };
		4AEAF01B1D0EA79500F82ED2 /* AppDelegate.swift */ = {isa = PBXFileReference; lastKnownFileType = sourcecode.swift; path = AppDelegate.swift; sourceTree = "<group>"; };
		4AEAF01D1D0EA79500F82ED2 /* ViewController.swift */ = {isa = PBXFileReference; lastKnownFileType = sourcecode.swift; path = ViewController.swift; sourceTree = "<group>"; };
		4AEAF0201D0EA79500F82ED2 /* Base */ = {isa = PBXFileReference; lastKnownFileType = file.storyboard; name = Base; path = Base.lproj/Main.storyboard; sourceTree = "<group>"; };
		4AEAF0221D0EA79500F82ED2 /* Assets.xcassets */ = {isa = PBXFileReference; lastKnownFileType = folder.assetcatalog; path = Assets.xcassets; sourceTree = "<group>"; };
		4AEAF0251D0EA79500F82ED2 /* Base */ = {isa = PBXFileReference; lastKnownFileType = file.storyboard; name = Base; path = Base.lproj/LaunchScreen.storyboard; sourceTree = "<group>"; };
		4AEAF0271D0EA79500F82ED2 /* Info.plist */ = {isa = PBXFileReference; lastKnownFileType = text.plist.xml; path = Info.plist; sourceTree = "<group>"; };
		4AEAF0301D0EA82C00F82ED2 /* ExpandTableViewController.swift */ = {isa = PBXFileReference; fileEncoding = 4; lastKnownFileType = sourcecode.swift; path = ExpandTableViewController.swift; sourceTree = "<group>"; };
		4AEAF0331D0EAE0300F82ED2 /* ExpandTableHeaderView.xib */ = {isa = PBXFileReference; fileEncoding = 4; lastKnownFileType = file.xib; path = ExpandTableHeaderView.xib; sourceTree = "<group>"; };
/* End PBXFileReference section */

/* Begin PBXFrameworksBuildPhase section */
		4AEAF0151D0EA79500F82ED2 /* Frameworks */ = {
			isa = PBXFrameworksBuildPhase;
			buildActionMask = 2147483647;
			files = (
			);
			runOnlyForDeploymentPostprocessing = 0;
		};
/* End PBXFrameworksBuildPhase section */

/* Begin PBXGroup section */
		4AEAF00F1D0EA79500F82ED2 = {
			isa = PBXGroup;
			children = (
				4AEAF01A1D0EA79500F82ED2 /* ExpandTableViewSample */,
				4AEAF0191D0EA79500F82ED2 /* Products */,
			);
			sourceTree = "<group>";
		};
		4AEAF0191D0EA79500F82ED2 /* Products */ = {
			isa = PBXGroup;
			children = (
				4AEAF0181D0EA79500F82ED2 /* ExpandTableViewSample.app */,
			);
			name = Products;
			sourceTree = "<group>";
		};
		4AEAF01A1D0EA79500F82ED2 /* ExpandTableViewSample */ = {
			isa = PBXGroup;
			children = (
				4AEAF02E1D0EA82C00F82ED2 /* ExpandTableView */,
				4AEAF01B1D0EA79500F82ED2 /* AppDelegate.swift */,
				4AEAF01D1D0EA79500F82ED2 /* ViewController.swift */,
				4AEAF01F1D0EA79500F82ED2 /* Main.storyboard */,
				4AEAF0221D0EA79500F82ED2 /* Assets.xcassets */,
				4AEAF0241D0EA79500F82ED2 /* LaunchScreen.storyboard */,
				4AEAF0271D0EA79500F82ED2 /* Info.plist */,
			);
			path = ExpandTableViewSample;
			sourceTree = "<group>";
		};
		4AEAF02E1D0EA82C00F82ED2 /* ExpandTableView */ = {
			isa = PBXGroup;
			children = (
				4AEAF0301D0EA82C00F82ED2 /* ExpandTableViewController.swift */,
				4AEAF0331D0EAE0300F82ED2 /* ExpandTableHeaderView.xib */,
			);
			path = ExpandTableView;
			sourceTree = "<group>";
		};
/* End PBXGroup section */

/* Begin PBXNativeTarget section */
		4AEAF0171D0EA79500F82ED2 /* ExpandTableViewSample */ = {
			isa = PBXNativeTarget;
			buildConfigurationList = 4AEAF02A1D0EA79500F82ED2 /* Build configuration list for PBXNativeTarget "ExpandTableViewSample" */;
			buildPhases = (
				4AEAF0141D0EA79500F82ED2 /* Sources */,
				4AEAF0151D0EA79500F82ED2 /* Frameworks */,
				4AEAF0161D0EA79500F82ED2 /* Resources */,
			);
			buildRules = (
			);
			dependencies = (
			);
			name = ExpandTableViewSample;
			productName = ExpandTableViewSample;
			productReference = 4AEAF0181D0EA79500F82ED2 /* ExpandTableViewSample.app */;
			productType = "com.apple.product-type.application";
		};
/* End PBXNativeTarget section */

/* Begin PBXProject section */
		4AEAF0101D0EA79500F82ED2 /* Project object */ = {
			isa = PBXProject;
			attributes = {
				LastSwiftUpdateCheck = 0730;
				LastUpgradeCheck = 0730;
				ORGANIZATIONNAME = sawaMH;
				TargetAttributes = {
					4AEAF0171D0EA79500F82ED2 = {
						CreatedOnToolsVersion = 7.3;
					};
				};
			};
			buildConfigurationList = 4AEAF0131D0EA79500F82ED2 /* Build configuration list for PBXProject "ExpandTableViewSample" */;
			compatibilityVersion = "Xcode 3.2";
			developmentRegion = English;
			hasScannedForEncodings = 0;
			knownRegions = (
				en,
				Base,
			);
			mainGroup = 4AEAF00F1D0EA79500F82ED2;
			productRefGroup = 4AEAF0191D0EA79500F82ED2 /* Products */;
			projectDirPath = "";
			projectRoot = "";
			targets = (
				4AEAF0171D0EA79500F82ED2 /* ExpandTableViewSample */,
			);
		};
/* End PBXProject section */

/* Begin PBXResourcesBuildPhase section */
		4AEAF0161D0EA79500F82ED2 /* Resources */ = {
			isa = PBXResourcesBuildPhase;
			buildActionMask = 2147483647;
			files = (
				4AEAF0261D0EA79500F82ED2 /* LaunchScreen.storyboard in Resources */,
				4AEAF0231D0EA79500F82ED2 /* Assets.xcassets in Resources */,
				4AEAF0341D0EAE0300F82ED2 /* ExpandTableHeaderView.xib in Resources */,
				4AEAF0211D0EA79500F82ED2 /* Main.storyboard in Resources */,
			);
			runOnlyForDeploymentPostprocessing = 0;
		};
/* End PBXResourcesBuildPhase section */

/* Begin PBXSourcesBuildPhase section */
		4AEAF0141D0EA79500F82ED2 /* Sources */ = {
			isa = PBXSourcesBuildPhase;
			buildActionMask = 2147483647;
			files = (
				4AEAF0321D0EA82C00F82ED2 /* ExpandTableViewController.swift in Sources */,
				4AEAF01E1D0EA79500F82ED2 /* ViewController.swift in Sources */,
				4AEAF01C1D0EA79500F82ED2 /* AppDelegate.swift in Sources */,
			);
			runOnlyForDeploymentPostprocessing = 0;
		};
/* End PBXSourcesBuildPhase section */

/* Begin PBXVariantGroup section */
		4AEAF01F1D0EA79500F82ED2 /* Main.storyboard */ = {
			isa = PBXVariantGroup;
			children = (
				4AEAF0201D0EA79500F82ED2 /* Base */,
			);
			name = Main.storyboard;
			sourceTree = "<group>";
		};
		4AEAF0241D0EA79500F82ED2 /* LaunchScreen.storyboard */ = {
			isa = PBXVariantGroup;
			children = (
				4AEAF0251D0EA79500F82ED2 /* Base */,
			);
			name = LaunchScreen.storyboard;
			sourceTree = "<group>";
		};
/* End PBXVariantGroup section */

/* Begin XCBuildConfiguration section */
		4AEAF0281D0EA79500F82ED2 /* Debug */ = {
			isa = XCBuildConfiguration;
			buildSettings = {
				ALWAYS_SEARCH_USER_PATHS = NO;
				CLANG_ANALYZER_NONNULL = YES;
				CLANG_CXX_LANGUAGE_STANDARD = "gnu++0x";
				CLANG_CXX_LIBRARY = "libc++";
				CLANG_ENABLE_MODULES = YES;
				CLANG_ENABLE_OBJC_ARC = YES;
				CLANG_WARN_BOOL_CONVERSION = YES;
				CLANG_WARN_CONSTANT_CONVERSION = YES;
				CLANG_WARN_DIRECT_OBJC_ISA_USAGE = YES_ERROR;
				CLANG_WARN_EMPTY_BODY = YES;
				CLANG_WARN_ENUM_CONVERSION = YES;
				CLANG_WARN_INT_CONVERSION = YES;
				CLANG_WARN_OBJC_ROOT_CLASS = YES_ERROR;
				CLANG_WARN_UNREACHABLE_CODE = YES;
				CLANG_WARN__DUPLICATE_METHOD_MATCH = YES;
				"CODE_SIGN_IDENTITY[sdk=iphoneos*]" = "iPhone Developer";
				COPY_PHASE_STRIP = NO;
				DEBUG_INFORMATION_FORMAT = dwarf;
				ENABLE_STRICT_OBJC_MSGSEND = YES;
				ENABLE_TESTABILITY = YES;
				GCC_C_LANGUAGE_STANDARD = gnu99;
				GCC_DYNAMIC_NO_PIC = NO;
				GCC_NO_COMMON_BLOCKS = YES;
				GCC_OPTIMIZATION_LEVEL = 0;
				GCC_PREPROCESSOR_DEFINITIONS = (
					"DEBUG=1",
					"$(inherited)",
				);
				GCC_WARN_64_TO_32_BIT_CONVERSION = YES;
				GCC_WARN_ABOUT_RETURN_TYPE = YES_ERROR;
				GCC_WARN_UNDECLARED_SELECTOR = YES;
				GCC_WARN_UNINITIALIZED_AUTOS = YES_AGGRESSIVE;
				GCC_WARN_UNUSED_FUNCTION = YES;
				GCC_WARN_UNUSED_VARIABLE = YES;
				IPHONEOS_DEPLOYMENT_TARGET = 8.0;
				MTL_ENABLE_DEBUG_INFO = YES;
				ONLY_ACTIVE_ARCH = YES;
				SDKROOT = iphoneos;
				SWIFT_OPTIMIZATION_LEVEL = "-Onone";
			};
			name = Debug;
		};
		4AEAF0291D0EA79500F82ED2 /* Release */ = {
			isa = XCBuildConfiguration;
			buildSettings = {
				ALWAYS_SEARCH_USER_PATHS = NO;
				CLANG_ANALYZER_NONNULL = YES;
				CLANG_CXX_LANGUAGE_STANDARD = "gnu++0x";
				CLANG_CXX_LIBRARY = "libc++";
				CLANG_ENABLE_MODULES = YES;
				CLANG_ENABLE_OBJC_ARC = YES;
				CLANG_WARN_BOOL_CONVERSION = YES;
				CLANG_WARN_CONSTANT_CONVERSION = YES;
				CLANG_WARN_DIRECT_OBJC_ISA_USAGE = YES_ERROR;
				CLANG_WARN_EMPTY_BODY = YES;
				CLANG_WARN_ENUM_CONVERSION = YES;
				CLANG_WARN_INT_CONVERSION = YES;
				CLANG_WARN_OBJC_ROOT_CLASS = YES_ERROR;
				CLANG_WARN_UNREACHABLE_CODE = YES;
				CLANG_WARN__DUPLICATE_METHOD_MATCH = YES;
				"CODE_SIGN_IDENTITY[sdk=iphoneos*]" = "iPhone Developer";
				COPY_PHASE_STRIP = NO;
				DEBUG_INFORMATION_FORMAT = "dwarf-with-dsym";
				ENABLE_NS_ASSERTIONS = NO;
				ENABLE_STRICT_OBJC_MSGSEND = YES;
				GCC_C_LANGUAGE_STANDARD = gnu99;
				GCC_NO_COMMON_BLOCKS = YES;
				GCC_WARN_64_TO_32_BIT_CONVERSION = YES;
				GCC_WARN_ABOUT_RETURN_TYPE = YES_ERROR;
				GCC_WARN_UNDECLARED_SELECTOR = YES;
				GCC_WARN_UNINITIALIZED_AUTOS = YES_AGGRESSIVE;
				GCC_WARN_UNUSED_FUNCTION = YES;
				GCC_WARN_UNUSED_VARIABLE = YES;
				IPHONEOS_DEPLOYMENT_TARGET = 8.0;
				MTL_ENABLE_DEBUG_INFO = NO;
				SDKROOT = iphoneos;
				VALIDATE_PRODUCT = YES;
			};
			name = Release;
		};
		4AEAF02B1D0EA79500F82ED2 /* Debug */ = {
			isa = XCBuildConfiguration;
			buildSettings = {
				ASSETCATALOG_COMPILER_APPICON_NAME = AppIcon;
				INFOPLIST_FILE = ExpandTableViewSample/Info.plist;
				IPHONEOS_DEPLOYMENT_TARGET = 8.0;
				LD_RUNPATH_SEARCH_PATHS = "$(inherited) @executable_path/Frameworks";
				PRODUCT_BUNDLE_IDENTIFIER = jp.ExpandTableViewSample;
				PRODUCT_NAME = "$(TARGET_NAME)";
			};
			name = Debug;
		};
		4AEAF02C1D0EA79500F82ED2 /* Release */ = {
			isa = XCBuildConfiguration;
			buildSettings = {
				ASSETCATALOG_COMPILER_APPICON_NAME = AppIcon;
				INFOPLIST_FILE = ExpandTableViewSample/Info.plist;
				IPHONEOS_DEPLOYMENT_TARGET = 8.0;
				LD_RUNPATH_SEARCH_PATHS = "$(inherited) @executable_path/Frameworks";
				PRODUCT_BUNDLE_IDENTIFIER = jp.ExpandTableViewSample;
				PRODUCT_NAME = "$(TARGET_NAME)";
			};
			name = Release;
		};
/* End XCBuildConfiguration section */

/* Begin XCConfigurationList section */
		4AEAF0131D0EA79500F82ED2 /* Build configuration list for PBXProject "ExpandTableViewSample" */ = {
			isa = XCConfigurationList;
			buildConfigurations = (
				4AEAF0281D0EA79500F82ED2 /* Debug */,
				4AEAF0291D0EA79500F82ED2 /* Release */,
			);
			defaultConfigurationIsVisible = 0;
			defaultConfigurationName = Release;
		};
		4AEAF02A1D0EA79500F82ED2 /* Build configuration list for PBXNativeTarget "ExpandTableViewSample" */ = {
			isa = XCConfigurationList;
			buildConfigurations = (
				4AEAF02B1D0EA79500F82ED2 /* Debug */,
				4AEAF02C1D0EA79500F82ED2 /* Release */,
			);
			defaultConfigurationIsVisible = 0;
		};
/* End XCConfigurationList section */
	};
	rootObject = 4AEAF0101D0EA79500F82ED2 /* Project object */;
}
